<?xml version="1.0" encoding="utf-8"?>
<Project ToolsVersion="4.0" xmlns="http://schemas.microsoft.com/developer/msbuild/2003">
  <ItemGroup>
    <Filter Include="Source Files">
      <UniqueIdentifier>{4FC737F1-C7A5-4376-A066-2A32D752A2FF}</UniqueIdentifier>
      <Extensions>cpp;c;cc;cxx;c++;cppm;ixx;def;odl;idl;hpj;bat;asm;asmx</Extensions>
    </Filter>
    <Filter Include="Header Files">
      <UniqueIdentifier>{93995380-89BD-4b04-88EB-625FBE52EBFB}</UniqueIdentifier>
      <Extensions>h;hh;hpp;hxx;h++;hm;inl;inc;ipp;xsd</Extensions>
    </Filter>
    <Filter Include="Resource Files">
      <UniqueIdentifier>{67DA6AB6-F800-4c08-8B7A-83BB121AAD01}</UniqueIdentifier>
      <Extensions>rc;ico;cur;bmp;dlg;rc2;rct;bin;rgs;gif;jpg;jpeg;jpe;resx;tiff;tif;png;wav;mfcribbon-ms</Extensions>
    </Filter>
    <Filter Include="Source Files\Engine">
      <UniqueIdentifier>{5ec46b50-354b-4164-a0b1-6f14464174f7}</UniqueIdentifier>
    </Filter>
    <Filter Include="Source Files\Engine\Graphic">
      <UniqueIdentifier>{6bed65b4-dbe8-4be8-992f-605d9a52f37b}</UniqueIdentifier>
    </Filter>
    <Filter Include="Source Files\Engine\Core">
      <UniqueIdentifier>{aa5b98f5-f06d-4f4b-b130-4cd1b4fcd129}</UniqueIdentifier>
    </Filter>
  </ItemGroup>
  <ItemGroup>
    <ClInclude Include="Source\Engine\Core\Singleton.h">
      <Filter>Source Files\Engine\Core</Filter>
    </ClInclude>
    <ClInclude Include="Source\Engine\Renderer\GraphicManager.h">
      <Filter>Source Files\Engine\Graphic</Filter>
    </ClInclude>
    <ClInclude Include="Source\Engine\Core\GameApp.h">
      <Filter>Header Files</Filter>
    </ClInclude>
    <ClInclude Include="Source\Engine\Manager\InputManager.h">
      <Filter>Header Files</Filter>
    </ClInclude>
    <ClInclude Include="Source\Engine\Core\Define.h">
      <Filter>Header Files</Filter>
    </ClInclude>
    <ClInclude Include="Source\Engine\Manager\TimeManager.h">
      <Filter>Header Files</Filter>
    </ClInclude>
    <ClInclude Include="Source\Engine\Core\EngineKernel.h">
      <Filter>Header Files</Filter>
    </ClInclude>
    <ClInclude Include="Source\Engine\Renderer\RenderCommand.h">
      <Filter>Header Files</Filter>
    </ClInclude>
    <ClInclude Include="Source\Engine\Renderer\RenderSystem.h">
      <Filter>Header Files</Filter>
    </ClInclude>
    <ClInclude Include="Source\Engine\Framework\Base\ISystem.h">
      <Filter>Header Files</Filter>
    </ClInclude>
    <ClInclude Include="Source\Engine\Framework\Base\IUpdatable.h">
      <Filter>Header Files</Filter>
    </ClInclude>
    <ClInclude Include="Source\Engine\Framework\Base\IRenderable.h">
      <Filter>Header Files</Filter>
    </ClInclude>
    <ClInclude Include="Source\Engine\Manager\ResourceManager.h">
      <Filter>Header Files</Filter>
    </ClInclude>
    <ClInclude Include="Source\Engine\Manager\RandomManager.h">
      <Filter>Header Files</Filter>
    </ClInclude>
    <ClInclude Include="Source\Engine\Framework\GameObject.h">
      <Filter>Header Files</Filter>
    </ClInclude>
    <ClInclude Include="Source\Engine\Framework\Base\Component.h">
      <Filter>Header Files</Filter>
    </ClInclude>
    <ClInclude Include="Source\Engine\Framework\Scene.h">
      <Filter>Header Files</Filter>
    </ClInclude>
    <ClInclude Include="Source\Engine\Framework\Components\Render\RenderComponent.h">
      <Filter>Header Files</Filter>
    </ClInclude>
    <ClInclude Include="Source\Engine\Framework\Components\Core\TransformComponent.h">
      <Filter>Header Files</Filter>
    </ClInclude>
    <ClInclude Include="Source\Engine\Framework\Components\Physics\ColliderComponent.h">
      <Filter>Header Files</Filter>
    </ClInclude>
    <ClInclude Include="Source\Engine\Manager\SceneManager.h">
      <Filter>Header Files</Filter>
    </ClInclude>
    <ClInclude Include="Source\Engine\Framework\Components\Core\ScriptComponent.h">
      <Filter>Header Files</Filter>
    </ClInclude>
    <ClInclude Include="Source\Engine\Physics\PhysicsManager.h">
      <Filter>Header Files</Filter>
    </ClInclude>
    <ClInclude Include="Source\Engine\Framework\Components\Physics\BoxCollider.h">
      <Filter>Header Files</Filter>
    </ClInclude>
    <ClInclude Include="Source\Engine\Framework\Components\Physics\CircleCollider.h">
      <Filter>Header Files</Filter>
    </ClInclude>
    <ClInclude Include="Source\Engine\Renderer\RenderGizmo.h">
      <Filter>Header Files</Filter>
    </ClInclude>
    <ClInclude Include="Source\Engine\Manager\JsonSerializer.h">
      <Filter>Header Files</Filter>
    </ClInclude>
    <ClInclude Include="Source\Engine\Manager\FileSystem.h">
      <Filter>Header Files</Filter>
    </ClInclude>
    <ClInclude Include="Source\Engine\Core\ComponentRegister.h">
      <Filter>Header Files</Filter>
    </ClInclude>
    <ClInclude Include="Source\Engine\Renderer\Sprite.h">
      <Filter>Header Files</Filter>
    </ClInclude>
    <ClInclude Include="Source\Engine\Framework\Components\Render\AnimatorComponent.h">
      <Filter>Header Files</Filter>
    </ClInclude>
    <ClInclude Include="Source\Engine\Core\pch.h">
      <Filter>Header Files</Filter>
    </ClInclude>
    <ClInclude Include="Source\Engine\Core\Util.h">
      <Filter>Header Files</Filter>
    </ClInclude>
    <ClInclude Include="Source\Engine\Core\Types.h">
      <Filter>Header Files</Filter>
    </ClInclude>
    <ClInclude Include="Source\Engine\Network\NetPacket.h">
      <Filter>Header Files</Filter>
    </ClInclude>
    <ClInclude Include="Source\Engine\Manager\ActionManager.h">
      <Filter>Header Files</Filter>
    </ClInclude>
    <ClInclude Include="Source\Engine\Editor\EditorSystem.h">
      <Filter>Header Files</Filter>
    </ClInclude>
    <ClInclude Include="Source\Engine\Core\SubObjectPtr.h">
      <Filter>Header Files</Filter>
    </ClInclude>
    <ClInclude Include="Source\Engine\Core\ObserverPtr.h">
      <Filter>Header Files</Filter>
    </ClInclude>
    <ClInclude Include="Source\Engine\Manager\PrefabManager.h">
      <Filter>Header Files</Filter>
    </ClInclude>
    <ClInclude Include="Source\Engine\Network\NetworkManager.h">
      <Filter>Header Files</Filter>
    </ClInclude>
    <ClInclude Include="Source\Engine\Manager\CameraManager.h">
      <Filter>Header Files</Filter>
    </ClInclude>
    <ClInclude Include="Source\Engine\Framework\Components\Core\CameraComponent.h">
      <Filter>Header Files</Filter>
    </ClInclude>
    <ClInclude Include="Source\Engine\Manager\GUISystem.h">
      <Filter>Header Files</Filter>
    </ClInclude>
    <ClInclude Include="Source\Engine\Framework\Components\Network\NetworkIdentity.h">
      <Filter>Header Files</Filter>
    </ClInclude>
    <ClInclude Include="Source\Engine\Manager\DebugManager.h">
      <Filter>Header Files</Filter>
    </ClInclude>
    <ClInclude Include="Source\Engine\Core\EventBus.h">
      <Filter>Header Files</Filter>
    </ClInclude>
    <ClInclude Include="Source\Engine\Core\ObjectPool.h">
      <Filter>Header Files</Filter>
    </ClInclude>
    <ClInclude Include="Source\Engine\Framework\Components\UI\UITextComponent.h">
      <Filter>Header Files</Filter>
    </ClInclude>
    <ClInclude Include="Source\Engine\Framework\Components\UI\UIPanelComponent.h">
      <Filter>Header Files</Filter>
    </ClInclude>
    <ClInclude Include="Source\Engine\Framework\Components\UI\UIImageComponent.h">
      <Filter>Header Files</Filter>
    </ClInclude>
    <ClInclude Include="Source\Engine\Framework\Components\UI\UIButtonComponent.h">
      <Filter>Header Files</Filter>
    </ClInclude>
    <ClInclude Include="Source\Engine\Framework\Components\UI\HUDPresenter.h">
      <Filter>Header Files</Filter>
    </ClInclude>
    <ClInclude Include="Source\Engine\Core\DebugInfo.h">
      <Filter>Header Files</Filter>
    </ClInclude>
    <ClInclude Include="Source\Engine\Framework\Components\UI\DebugHUDComponent.h">
      <Filter>Header Files</Filter>
    </ClInclude>
    <ClInclude Include="Source\Engine\Editor\Panels\HierarchyPanel.h">
      <Filter>Header Files</Filter>
    </ClInclude>
    <ClInclude Include="Source\Engine\Editor\Panels\ViewportPanel.h">
      <Filter>Header Files</Filter>
    </ClInclude>
    <ClInclude Include="Source\Engine\Editor\Panels\InspectorPanel.h">
      <Filter>Header Files</Filter>
    </ClInclude>
    <ClInclude Include="Source\Engine\Editor\Panels\ContentBrowserPanel.h">
      <Filter>Header Files</Filter>
    </ClInclude>
    <ClInclude Include="Source\Engine\Editor\Panels\MainMenuBarPanel.h">
      <Filter>Header Files</Filter>
    </ClInclude>
    <ClInclude Include="Source\Game\Background\Background.h">
      <Filter>Header Files</Filter>
    </ClInclude>
    <ClInclude Include="Source\Game\Bullet\Bullet.h">
      <Filter>Header Files</Filter>
    </ClInclude>
    <ClInclude Include="Source\Game\Effect\Effect.h">
      <Filter>Header Files</Filter>
    </ClInclude>
    <ClInclude Include="Source\Game\Enemy\Enemy.h">
      <Filter>Header Files</Filter>
    </ClInclude>
    <ClInclude Include="Source\Game\Player\Controller.h">
      <Filter>Header Files</Filter>
    </ClInclude>
    <ClInclude Include="Source\Game\Player\LocalController.h">
      <Filter>Header Files</Filter>
    </ClInclude>
    <ClInclude Include="Source\Game\Player\NetworkController.h">
      <Filter>Header Files</Filter>
    </ClInclude>
    <ClInclude Include="Source\Game\Player\Player.h">
      <Filter>Header Files</Filter>
    </ClInclude>
  </ItemGroup>
  <ItemGroup>
    <ClCompile Include="Source\Engine\Renderer\GraphicManager.cpp">
      <Filter>Source Files\Engine\Graphic</Filter>
    </ClCompile>
    <ClCompile Include="Source\Engine\Core\GameApp.cpp">
      <Filter>Source Files</Filter>
    </ClCompile>
    <ClCompile Include="Source\Engine\Manager\InputManager.cpp">
      <Filter>Source Files</Filter>
    </ClCompile>
    <ClCompile Include="Source\Engine\Manager\TimeManager.cpp">
      <Filter>Source Files</Filter>
    </ClCompile>
    <ClCompile Include="Source\Engine\Core\EngineKernel.cpp">
      <Filter>Source Files</Filter>
    </ClCompile>
    <ClCompile Include="Source\Engine\Renderer\RenderSystem.cpp">
      <Filter>Source Files</Filter>
    </ClCompile>
    <ClCompile Include="Source\Engine\Manager\ResourceManager.cpp">
      <Filter>Source Files</Filter>
    </ClCompile>
    <ClCompile Include="Source\Engine\Manager\RandomManager.cpp">
      <Filter>Source Files</Filter>
    </ClCompile>
    <ClCompile Include="Source\Engine\Framework\GameObject.cpp">
      <Filter>Source Files</Filter>
    </ClCompile>
    <ClCompile Include="Source\Engine\Framework\Scene.cpp">
      <Filter>Source Files</Filter>
    </ClCompile>
    <ClCompile Include="Source\Engine\Manager\SceneManager.cpp">
      <Filter>Source Files</Filter>
    </ClCompile>
    <ClCompile Include="Source\Engine\Framework\Components\Core\ScriptComponent.cpp">
      <Filter>Source Files</Filter>
    </ClCompile>
    <ClCompile Include="Source\Engine\Framework\Components\Render\RenderComponent.cpp">
      <Filter>Source Files</Filter>
    </ClCompile>
    <ClCompile Include="Source\Engine\Physics\PhysicsManager.cpp">
      <Filter>Source Files</Filter>
    </ClCompile>
    <ClCompile Include="Source\Engine\Manager\JsonSerializer.cpp">
      <Filter>Source Files</Filter>
    </ClCompile>
    <ClCompile Include="Source\Engine\Framework\Components\Render\AnimatorComponent.cpp">
      <Filter>Source Files</Filter>
    </ClCompile>
    <ClCompile Include="Source\Engine\Core\pch.cpp">
      <Filter>Source Files</Filter>
    </ClCompile>
    <ClCompile Include="Source\Engine\Core\Util.cpp">
      <Filter>Source Files</Filter>
    </ClCompile>
    <ClCompile Include="Source\Engine\Manager\ActionManager.cpp">
      <Filter>Source Files</Filter>
    </ClCompile>
    <ClCompile Include="Source\Engine\Editor\EditorSystem.cpp">
      <Filter>Source Files</Filter>
    </ClCompile>
    <ClCompile Include="Source\Engine\Framework\Components\Core\TransformComponent.cpp">
      <Filter>Source Files</Filter>
    </ClCompile>
    <ClCompile Include="Source\Engine\Manager\PrefabManager.cpp">
      <Filter>Source Files</Filter>
    </ClCompile>
    <ClCompile Include="Source\Engine\Framework\Components\Physics\BoxCollider.cpp">
      <Filter>Source Files</Filter>
    </ClCompile>
    <ClCompile Include="Source\Engine\Framework\Components\Physics\CircleCollider.cpp">
      <Filter>Source Files</Filter>
    </ClCompile>
    <ClCompile Include="Source\Engine\Framework\Components\Physics\ColliderComponent.cpp">
      <Filter>Source Files</Filter>
    </ClCompile>
    <ClCompile Include="Source\Engine\Network\NetworkManager.cpp">
      <Filter>Source Files</Filter>
    </ClCompile>
    <ClCompile Include="Source\Engine\Framework\Components\Core\CameraComponent.cpp">
      <Filter>Source Files</Filter>
    </ClCompile>
    <ClCompile Include="Source\Engine\Manager\GUISystem.cpp">
      <Filter>Source Files</Filter>
    </ClCompile>
    <ClCompile Include="Source\Engine\Framework\Components\Network\NetworkIdentity.cpp">
      <Filter>Source Files</Filter>
    </ClCompile>
    <ClCompile Include="Source\Engine\Manager\DebugManager.cpp">
      <Filter>Source Files</Filter>
    </ClCompile>
    <ClCompile Include="Source\Engine\Framework\Components\UI\UITextComponent.cpp">
      <Filter>Source Files</Filter>
    </ClCompile>
    <ClCompile Include="Source\Engine\Framework\Components\UI\UIPanelComponent.cpp">
      <Filter>Source Files</Filter>
    </ClCompile>
    <ClCompile Include="Source\Engine\Framework\Components\UI\UIImageComponent.cpp">
      <Filter>Source Files</Filter>
    </ClCompile>
    <ClCompile Include="Source\Engine\Framework\Components\UI\UIButtonComponent.cpp">
      <Filter>Source Files</Filter>
    </ClCompile>
    <ClCompile Include="Source\Engine\Framework\Components\UI\HUDPresenter.cpp">
      <Filter>Source Files</Filter>
    </ClCompile>
    <ClCompile Include="Source\Engine\Framework\Components\UI\DebugHUDComponent.cpp">
      <Filter>Source Files</Filter>
    </ClCompile>
    <ClCompile Include="Source\Engine\Manager\CameraManager.cpp">
      <Filter>Source Files</Filter>
    </ClCompile>
    <ClCompile Include="Source\Engine\Editor\Panels\HierarchyPanel.cpp">
      <Filter>Source Files</Filter>
    </ClCompile>
    <ClCompile Include="Source\Engine\Editor\Panels\ViewportPanel.cpp">
      <Filter>Source Files</Filter>
    </ClCompile>
    <ClCompile Include="Source\Engine\Editor\Panels\MainMenuBarPanel.cpp">
      <Filter>Source Files</Filter>
    </ClCompile>
    <ClCompile Include="Source\Engine\Editor\Panels\InspectorPanel.cpp">
      <Filter>Source Files</Filter>
    </ClCompile>
    <ClCompile Include="Source\Engine\Editor\Panels\ContentBrowserPanel.cpp">
      <Filter>Source Files</Filter>
    </ClCompile>
    <ClCompile Include="Source\Game\Background\Background.cpp">
      <Filter>Source Files</Filter>
    </ClCompile>
    <ClCompile Include="Source\Game\Bullet\Bullet.cpp">
      <Filter>Source Files</Filter>
    </ClCompile>
    <ClCompile Include="Source\Game\Effect\Effect.cpp">
      <Filter>Source Files</Filter>
    </ClCompile>
    <ClCompile Include="Source\Game\Enemy\Enemy.cpp">
      <Filter>Source Files</Filter>
    </ClCompile>
    <ClCompile Include="Source\Game\Player\LocalController.cpp">
      <Filter>Source Files</Filter>
    </ClCompile>
    <ClCompile Include="Source\Game\Player\NetworkController.cpp">
      <Filter>Source Files</Filter>
    </ClCompile>
    <ClCompile Include="Source\Game\Player\Player.cpp">
      <Filter>Source Files</Filter>
    </ClCompile>
  </ItemGroup>
  <ItemGroup>
    <None Include="packages.config" />
    <None Include="Resoucres\Json\ResourceList.json" />
    <None Include="Resoucres\Json\DefaultScene.json" />
    <None Include="imgui.ini" />
    <None Include="Resources\Json\DefaultScene(backup2).json" />
    <None Include="Resources\Json\DefaultScene.json.backup2" />
    <None Include="Resources\Json\EditorScene(backup).json" />
  </ItemGroup>
  <ItemGroup>
    <Image Include="Resoucres\Texture\Character.png">
      <Filter>Resource Files</Filter>
    </Image>
    <Image Include="Resoucres\Texture\Coin.png">
      <Filter>Resource Files</Filter>
    </Image>
    <Image Include="Resoucres\Texture\Wall.png">
      <Filter>Resource Files</Filter>
    </Image>
  </ItemGroup>
</Project>